{
  "name": "jscad",
  "version": "1.0.0",
  "lockfileVersion": 2,
  "requires": true,
  "packages": {
    "": {
      "version": "1.0.0",
      "license": "ISC",
      "dependencies": {
        "@jscad/openjscad": "^1.6.1",
        "@types/three": "^0.103.2",
        "ts-node": "^9.0.0",
        "typescript": "^4.0.5"
      },
      "devDependencies": {
        "@types/node": "^14.14.6",
        "@types/openjscad": "^0.0.31"
      }
    },
    "node_modules/@jscad/amf-deserializer": {
      "version": "0.0.4",
      "resolved": "https://registry.npmjs.org/@jscad/amf-deserializer/-/amf-deserializer-0.0.4.tgz",
      "integrity": "sha1-BB3uKQrNpBEPs7m/hxoepUIDTCs=",
      "dependencies": {
        "sax": "^1.2.1"
      }
    },
    "node_modules/@jscad/amf-serializer": {
      "version": "0.0.5",
      "resolved": "https://registry.npmjs.org/@jscad/amf-serializer/-/amf-serializer-0.0.5.tgz",
      "integrity": "sha1-3A+Hx7LG15/F9rZnfwxoag0/Bg4=",
      "dependencies": {
        "@jscad/io-utils": "^0.1.2",
        "sax": "^1.2.1",
        "xmldom": "^0.1.27"
      }
    },
    "node_modules/@jscad/csg": {
      "version": "0.3.6",
      "resolved": "https://registry.npmjs.org/@jscad/csg/-/csg-0.3.6.tgz",
      "integrity": "sha512-GoUXhTwO0L+Cxba8VfFFLGm+ECd0xZKoIAPpeUYsDiCVsIZ6XK+3GLgBgn5waeumQNh+H6WsHjMMRKXBrDBreA=="
    },
    "node_modules/@jscad/dxf-serializer": {
      "version": "0.0.4",
      "resolved": "https://registry.npmjs.org/@jscad/dxf-serializer/-/dxf-serializer-0.0.4.tgz",
      "integrity": "sha1-P7O3a2HmqYfiUIJ8SWNPAHNvasg="
    },
    "node_modules/@jscad/gcode-deserializer": {
      "version": "0.0.4",
      "resolved": "https://registry.npmjs.org/@jscad/gcode-deserializer/-/gcode-deserializer-0.0.4.tgz",
      "integrity": "sha1-pdk+zvhGvzCllvUCHXs26mKhOic="
    },
    "node_modules/@jscad/io": {
      "version": "0.3.7",
      "resolved": "https://registry.npmjs.org/@jscad/io/-/io-0.3.7.tgz",
      "integrity": "sha1-CNWCv/0juTdopkvYo3Qv3De86u4=",
      "dependencies": {
        "@jscad/amf-deserializer": "^0.0.4",
        "@jscad/amf-serializer": "^0.0.5",
        "@jscad/dxf-serializer": "^0.0.4",
        "@jscad/gcode-deserializer": "^0.0.4",
        "@jscad/io-utils": "^0.1.2",
        "@jscad/json-deserializer": "^0.0.4",
        "@jscad/json-serializer": "^0.0.5",
        "@jscad/obj-deserializer": "^0.0.4",
        "@jscad/stl-deserializer": "^0.1.2",
        "@jscad/stl-serializer": "^0.0.6",
        "@jscad/svg-deserializer": "^0.2.3",
        "@jscad/svg-serializer": "^0.0.4",
        "@jscad/x3d-serializer": "^0.0.6"
      }
    },
    "node_modules/@jscad/io-utils": {
      "version": "0.1.3",
      "resolved": "https://registry.npmjs.org/@jscad/io-utils/-/io-utils-0.1.3.tgz",
      "integrity": "sha512-aCVUZovewI4njtEJ1fvjhasqd8EHIzQaPb88MtFWf/ff1NdGOu/vRH3yGG8vu0NZektGEDCKp028g2nTBL7aFg=="
    },
    "node_modules/@jscad/json-deserializer": {
      "version": "0.0.4",
      "resolved": "https://registry.npmjs.org/@jscad/json-deserializer/-/json-deserializer-0.0.4.tgz",
      "integrity": "sha1-ffpQCUUoh5LgTlcaDCTxXFXuurA=",
      "dependencies": {
        "@jscad/csg": "0.3.6"
      }
    },
    "node_modules/@jscad/json-serializer": {
      "version": "0.0.5",
      "resolved": "https://registry.npmjs.org/@jscad/json-serializer/-/json-serializer-0.0.5.tgz",
      "integrity": "sha1-DEAQz7ZyntspQnJycvlB0TAZR7g=",
      "dependencies": {
        "@jscad/csg": "0.3.6",
        "@jscad/io-utils": "^0.1.2"
      }
    },
    "node_modules/@jscad/obj-deserializer": {
      "version": "0.0.4",
      "resolved": "https://registry.npmjs.org/@jscad/obj-deserializer/-/obj-deserializer-0.0.4.tgz",
      "integrity": "sha1-3LPPXMRyeKfPejW3azLq0NBE38M="
    },
    "node_modules/@jscad/openjscad": {
      "version": "1.6.1",
      "resolved": "https://registry.npmjs.org/@jscad/openjscad/-/openjscad-1.6.1.tgz",
      "integrity": "sha512-D8W/ErfXhERXXbx9jGD75IupYEw85XyEF2lgrpekJaqKzETJRYAiQeggPEYk1U4zd8i6swoCNTkqgGI3NYdnQg==",
      "hasInstallScript": true,
      "dependencies": {
        "@jscad/csg": "0.3.6",
        "@jscad/io": "0.3.7",
        "@jscad/openscad-openjscad-translator": "0.0.10",
        "@jscad/scad-api": "^0.5.1",
        "astring": "^1.0.2",
        "brace": "0.10.0",
        "esprima": "^3.1.3",
        "estraverse": "^4.2.0",
        "most-gestures": "^0.3.0",
        "webworkify": "^1.4.0"
      },
      "bin": {
        "openjscad": "src/cli/cli.js"
      }
    },
    "node_modules/@jscad/openscad-openjscad-translator": {
      "version": "0.0.10",
      "resolved": "https://registry.npmjs.org/@jscad/openscad-openjscad-translator/-/openscad-openjscad-translator-0.0.10.tgz",
      "integrity": "sha1-b1o9wlL9ILr1I6sRwfwqPdqlfns=",
      "dependencies": {
        "lodash": "^4.17.4",
        "sylvester": "github:kaosat-dev/node-sylvester"
      }
    },
    "node_modules/@jscad/scad-api": {
      "version": "0.5.1",
      "resolved": "https://registry.npmjs.org/@jscad/scad-api/-/scad-api-0.5.1.tgz",
      "integrity": "sha512-1BlfqcAf0xIicbaKU1bCOxHh0+aHJ7fBRY6r+7/e+0uMrfoqHoULGqkAZCwnftt0cPj5uAP8JSlyOinHKaFIJw==",
      "dependencies": {
        "@jscad/csg": "0.3.7"
      }
    },
    "node_modules/@jscad/scad-api/node_modules/@jscad/csg": {
      "version": "0.3.7",
      "resolved": "https://registry.npmjs.org/@jscad/csg/-/csg-0.3.7.tgz",
      "integrity": "sha512-CuqKgXEZDH1FzbwQTdMWQ0FiEGi+LrP32tP6nW6rdWEEBjL6w19F3OrShD7SP8mK9IcqiuhgN9JcbWaiBswWlQ=="
    },
    "node_modules/@jscad/stl-deserializer": {
      "version": "0.1.2",
      "resolved": "https://registry.npmjs.org/@jscad/stl-deserializer/-/stl-deserializer-0.1.2.tgz",
      "integrity": "sha1-P05QMMjBgf6Xwniz5pdOojemM4M=",
      "dependencies": {
        "@jscad/csg": "0.3.6",
        "@jscad/io-utils": "^0.1.2"
      }
    },
    "node_modules/@jscad/stl-serializer": {
      "version": "0.0.6",
      "resolved": "https://registry.npmjs.org/@jscad/stl-serializer/-/stl-serializer-0.0.6.tgz",
      "integrity": "sha1-OIDuOw2YzeYhpVg92GDcN6kAZtQ=",
      "dependencies": {
        "@jscad/io-utils": "^0.1.2"
      }
    },
    "node_modules/@jscad/svg-deserializer": {
      "version": "0.2.3",
      "resolved": "https://registry.npmjs.org/@jscad/svg-deserializer/-/svg-deserializer-0.2.3.tgz",
      "integrity": "sha1-HbFVKSax7J7yXLjYE0ryZfYOTSI=",
      "dependencies": {
        "@jscad/csg": "0.3.6",
        "sax": "1.2.4"
      }
    },
    "node_modules/@jscad/svg-serializer": {
      "version": "0.0.4",
      "resolved": "https://registry.npmjs.org/@jscad/svg-serializer/-/svg-serializer-0.0.4.tgz",
      "integrity": "sha1-uqYjfTPtbg96AS8rtgYTopXiUdE=",
      "dependencies": {
        "@jscad/csg": "0.3.6"
      }
    },
    "node_modules/@jscad/x3d-serializer": {
      "version": "0.0.6",
      "resolved": "https://registry.npmjs.org/@jscad/x3d-serializer/-/x3d-serializer-0.0.6.tgz",
      "integrity": "sha1-pBl1qeN0B2E2JkjklutkKTuD99c=",
      "dependencies": {
        "@jscad/io-utils": "^0.1.2",
        "xmldom": "^0.1.27"
      }
    },
    "node_modules/@most/multicast": {
      "version": "1.3.0",
      "resolved": "https://registry.npmjs.org/@most/multicast/-/multicast-1.3.0.tgz",
      "integrity": "sha512-DWH8AShgp5bXn+auGzf5tzPxvpmEvQJd0CNsApOci1LDF4eAEcnw4HQOr2Jaa+L92NbDYFKBSXxll+i7r1ikvw==",
      "dependencies": {
        "@most/prelude": "^1.4.0"
      },
      "peerDependencies": {
        "most": "^1.0.1"
      }
    },
    "node_modules/@most/prelude": {
      "version": "1.8.0",
      "resolved": "https://registry.npmjs.org/@most/prelude/-/prelude-1.8.0.tgz",
      "integrity": "sha512-t1CcURpZzfmBA6fEWwqmCqeNzWAj1w2WqEmCk/2yXMe/p8Ut000wFmVKMy8A1Rl9VVxZEZ5nBHd/pU0dR4bv/w=="
    },
    "node_modules/@types/node": {
      "version": "14.14.6",
      "resolved": "https://registry.npmjs.org/@types/node/-/node-14.14.6.tgz",
      "integrity": "sha512-6QlRuqsQ/Ox/aJEQWBEJG7A9+u7oSYl3mem/K8IzxXG/kAGbV1YPD9Bg9Zw3vyxC/YP+zONKwy8hGkSt1jxFMw==",
      "dev": true
    },
    "node_modules/@types/openjscad": {
      "version": "0.0.31",
      "resolved": "https://registry.npmjs.org/@types/openjscad/-/openjscad-0.0.31.tgz",
      "integrity": "sha512-1zlJTAeAgDzEzLqmtfaG3RP+DyORMAzNw9CR+AQiRGNYf66J3ZQ6F1wtRiiuKvJ7afNY09BYPCH1c6dv2V4Trw==",
      "dev": true,
      "dependencies": {
        "three": "*"
      }
    },
    "node_modules/@types/three": {
      "version": "0.103.2",
      "resolved": "https://registry.npmjs.org/@types/three/-/three-0.103.2.tgz",
      "integrity": "sha512-zhtf0Qs5wLJpIn1+VWCpzSgpKayj/GSWZ6woiuz09FW59KEDeLpnBkYz6lbblVpRmGdlnG8nd0unaASshOvcXw==",
      "deprecated": "This is a stub types definition. three provides its own type definitions, so you do not need this installed.",
      "dependencies": {
        "three": "*"
      }
    },
    "node_modules/arg": {
      "version": "4.1.3",
      "resolved": "https://registry.npmjs.org/arg/-/arg-4.1.3.tgz",
      "integrity": "sha512-58S9QDqG0Xx27YwPSt9fJxivjYl432YCwfDMfZ+71RAqUrZef7LrKQZ3LHLOwCS4FLNBplP533Zx895SeOCHvA=="
    },
    "node_modules/astring": {
      "version": "1.4.3",
      "resolved": "https://registry.npmjs.org/astring/-/astring-1.4.3.tgz",
      "integrity": "sha512-yJlJU/bmN820vL+cbWShu2YQU87dBP5V7BH2N4wODapRv27A2dZtUD0LgjP9lZENvPe9XRoSyWx+pZR6qKqNBw==",
      "bin": {
        "astring": "bin/astring"
      }
    },
    "node_modules/brace": {
      "version": "0.10.0",
      "resolved": "https://registry.npmjs.org/brace/-/brace-0.10.0.tgz",
      "integrity": "sha1-7e9OubCSi6HuX3F//BV3SabdXXY=",
      "dependencies": {
        "w3c-blob": "0.0.1"
      }
    },
    "node_modules/buffer-from": {
      "version": "1.1.1",
      "resolved": "https://registry.npmjs.org/buffer-from/-/buffer-from-1.1.1.tgz",
      "integrity": "sha512-MQcXEUbCKtEo7bhqEs6560Hyd4XaovZlO/k9V3hjVUF/zwW7KBVdSK4gIt/bzwS9MbR5qob+F5jusZsb0YQK2A=="
    },
    "node_modules/define-properties": {
      "version": "1.1.3",
      "resolved": "https://registry.npmjs.org/define-properties/-/define-properties-1.1.3.tgz",
      "integrity": "sha512-3MqfYKj2lLzdMSf8ZIZE/V+Zuy+BgD6f164e8K2w7dgnpKArBDerGYpM46IYYcjnkdPNMjPk9A6VFB8+3SKlXQ==",
      "dependencies": {
        "object-keys": "^1.0.12"
      },
      "engines": {
        "node": ">= 0.4"
      }
    },
    "node_modules/diff": {
      "version": "4.0.2",
      "resolved": "https://registry.npmjs.org/diff/-/diff-4.0.2.tgz",
      "integrity": "sha512-58lmxKSA4BNyLz+HHMUzlOEpg09FV+ev6ZMe3vJihgdxzgcwZ8VoEEPmALCZG9LmqfVoNMMKpttIYTVG6uDY7A==",
      "engines": {
        "node": ">=0.3.1"
      }
    },
    "node_modules/esprima": {
      "version": "3.1.3",
      "resolved": "https://registry.npmjs.org/esprima/-/esprima-3.1.3.tgz",
      "integrity": "sha1-/cpRzuYTOJXjyI1TXOSdv/YqRjM=",
      "bin": {
        "esparse": "bin/esparse.js",
        "esvalidate": "bin/esvalidate.js"
      },
      "engines": {
        "node": ">=4"
      }
    },
    "node_modules/estraverse": {
      "version": "4.3.0",
      "resolved": "https://registry.npmjs.org/estraverse/-/estraverse-4.3.0.tgz",
      "integrity": "sha512-39nnKffWz8xN1BU/2c79n9nB9HDzo0niYUqx6xyqUnyoAnQyyWpOTdZEeiCch8BBu515t4wp9ZmgVfVhn9EBpw==",
      "engines": {
        "node": ">=4.0"
      }
    },
    "node_modules/globalthis": {
      "version": "1.0.1",
      "resolved": "https://registry.npmjs.org/globalthis/-/globalthis-1.0.1.tgz",
      "integrity": "sha512-mJPRTc/P39NH/iNG4mXa9aIhNymaQikTrnspeCa2ZuJ+mH2QN/rXwtX3XwKrHqWgUQFbNZKtHM105aHzJalElw==",
      "dependencies": {
        "define-properties": "^1.1.3"
      },
      "engines": {
        "node": ">= 0.4"
      },
      "funding": {
        "url": "https://github.com/sponsors/ljharb"
      }
    },
    "node_modules/lodash": {
      "version": "4.17.20",
      "resolved": "https://registry.npmjs.org/lodash/-/lodash-4.17.20.tgz",
      "integrity": "sha512-PlhdFcillOINfeV7Ni6oF1TAEayyZBoZ8bcshTHqOYJYlrqzRK5hagpagky5o4HfCzzd1TRkXPMFq6cKk9rGmA=="
    },
    "node_modules/make-error": {
      "version": "1.3.6",
      "resolved": "https://registry.npmjs.org/make-error/-/make-error-1.3.6.tgz",
      "integrity": "sha512-s8UhlNe7vPKomQhC1qFelMokr/Sc3AgNbso3n74mVPA5LTZwkB9NlXf4XPamLxJE8h0gh73rM94xvwRT2CVInw=="
    },
    "node_modules/most": {
      "version": "1.9.0",
      "resolved": "https://registry.npmjs.org/most/-/most-1.9.0.tgz",
      "integrity": "sha512-M7yHMcMGaclzEL6eg8Yh8PlAsaWfL/oSThF4+ZuWKM5CKXcbzmLh+qESwgZFzMKHJ+iVJwb28yFvDEOobI653w==",
      "dependencies": {
        "@most/multicast": "^1.2.5",
        "@most/prelude": "^1.4.0",
        "globalthis": "^1.0.1",
        "symbol-observable": "^2.0.3"
      }
    },
    "node_modules/most-gestures": {
      "version": "0.3.0",
      "resolved": "https://registry.npmjs.org/most-gestures/-/most-gestures-0.3.0.tgz",
      "integrity": "sha1-Y07mZK2vU9dA0BSKa0tNF0QDpHg=",
      "dependencies": {
        "most": "^1.7.2"
      }
    },
    "node_modules/object-keys": {
      "version": "1.1.1",
      "resolved": "https://registry.npmjs.org/object-keys/-/object-keys-1.1.1.tgz",
      "integrity": "sha512-NuAESUOUMrlIXOfHKzD6bpPu3tYt3xvjNdRIQ+FeT0lNb4K8WR70CaDxhuNguS2XG+GjkyMwOzsN5ZktImfhLA==",
      "engines": {
        "node": ">= 0.4"
      }
    },
    "node_modules/sax": {
      "version": "1.2.4",
      "resolved": "https://registry.npmjs.org/sax/-/sax-1.2.4.tgz",
      "integrity": "sha512-NqVDv9TpANUjFm0N8uM5GxL36UgKi9/atZw+x7YFnQ8ckwFGKrl4xX4yWtrey3UJm5nP1kUbnYgLopqWNSRhWw=="
    },
    "node_modules/source-map": {
      "version": "0.6.1",
      "resolved": "https://registry.npmjs.org/source-map/-/source-map-0.6.1.tgz",
      "integrity": "sha512-UjgapumWlbMhkBgzT7Ykc5YXUT46F0iKu8SGXq0bcwP5dz/h0Plj6enJqjz1Zbq2l5WaqYnrVbwWOWMyF3F47g==",
      "engines": {
        "node": ">=0.10.0"
      }
    },
    "node_modules/source-map-support": {
      "version": "0.5.19",
      "resolved": "https://registry.npmjs.org/source-map-support/-/source-map-support-0.5.19.tgz",
      "integrity": "sha512-Wonm7zOCIJzBGQdB+thsPar0kYuCIzYvxZwlBa87yi/Mdjv7Tip2cyVbLj5o0cFPN4EVkuTwb3GDDyUx2DGnGw==",
      "dependencies": {
        "buffer-from": "^1.0.0",
        "source-map": "^0.6.0"
      }
    },
    "node_modules/sylvester": {
      "name": "@kaosat-dev/sylvester",
      "version": "0.0.21",
      "resolved": "git+ssh://git@github.com/kaosat-dev/node-sylvester.git#ce74d23a2092ae02a56b840ef70f5d61c54df409",
      "license": "MIT",
      "engines": {
        "node": ">=0.2.6"
      }
    },
    "node_modules/symbol-observable": {
      "version": "2.0.3",
      "resolved": "https://registry.npmjs.org/symbol-observable/-/symbol-observable-2.0.3.tgz",
      "integrity": "sha512-sQV7phh2WCYAn81oAkakC5qjq2Ml0g8ozqz03wOGnx9dDlG1de6yrF+0RAzSJD8fPUow3PTSMf2SAbOGxb93BA==",
      "engines": {
        "node": ">=0.10"
      }
    },
    "node_modules/three": {
      "version": "0.122.0",
      "resolved": "https://registry.npmjs.org/three/-/three-0.122.0.tgz",
      "integrity": "sha512-bgYMo0WdaQhf7DhLE8OSNN/rVFO5J4K1A2VeeKqoV4MjjuHjfCP6xLpg8Xedhns7NlEnN3sZ6VJROq19Qyl6Sg=="
    },
    "node_modules/ts-node": {
      "version": "9.0.0",
      "resolved": "https://registry.npmjs.org/ts-node/-/ts-node-9.0.0.tgz",
      "integrity": "sha512-/TqB4SnererCDR/vb4S/QvSZvzQMJN8daAslg7MeaiHvD8rDZsSfXmNeNumyZZzMned72Xoq/isQljYSt8Ynfg==",
      "dependencies": {
        "arg": "^4.1.0",
        "diff": "^4.0.1",
        "make-error": "^1.1.1",
        "source-map-support": "^0.5.17",
        "yn": "3.1.1"
      },
      "bin": {
        "ts-node": "dist/bin.js",
        "ts-node-script": "dist/bin-script.js",
        "ts-node-transpile-only": "dist/bin-transpile.js",
        "ts-script": "dist/bin-script-deprecated.js"
      },
      "engines": {
        "node": ">=10.0.0"
      },
      "peerDependencies": {
        "typescript": ">=2.7"
      }
    },
    "node_modules/typescript": {
      "version": "4.0.5",
      "resolved": "https://registry.npmjs.org/typescript/-/typescript-4.0.5.tgz",
      "integrity": "sha512-ywmr/VrTVCmNTJ6iV2LwIrfG1P+lv6luD8sUJs+2eI9NLGigaN+nUQc13iHqisq7bra9lnmUSYqbJvegraBOPQ==",
      "bin": {
        "tsc": "bin/tsc",
        "tsserver": "bin/tsserver"
      },
      "engines": {
        "node": ">=4.2.0"
      }
    },
    "node_modules/w3c-blob": {
      "version": "0.0.1",
      "resolved": "https://registry.npmjs.org/w3c-blob/-/w3c-blob-0.0.1.tgz",
      "integrity": "sha1-sM01KhpQ9RVWNCD/1YYflQ8dhbg="
    },
    "node_modules/webworkify": {
      "version": "1.5.0",
      "resolved": "https://registry.npmjs.org/webworkify/-/webworkify-1.5.0.tgz",
      "integrity": "sha512-AMcUeyXAhbACL8S2hqqdqOLqvJ8ylmIbNwUIqQujRSouf4+eUFaXbG6F1Rbu+srlJMmxQWsiU7mOJi0nMBfM1g=="
    },
    "node_modules/xmldom": {
      "version": "0.1.31",
      "resolved": "https://registry.npmjs.org/xmldom/-/xmldom-0.1.31.tgz",
      "integrity": "sha512-yS2uJflVQs6n+CyjHoaBmVSqIDevTAWrzMmjG1Gc7h1qQ7uVozNhEPJAwZXWyGQ/Gafo3fCwrcaokezLPupVyQ==",
      "engines": {
        "node": ">=0.1"
      }
    },
    "node_modules/yn": {
      "version": "3.1.1",
      "resolved": "https://registry.npmjs.org/yn/-/yn-3.1.1.tgz",
      "integrity": "sha512-Ux4ygGWsu2c7isFWe8Yu1YluJmqVhxqK2cLXNQA5AcC3QfbGNpM7fu0Y8b/z16pXLnFxZYvWhd3fhBY9DLmC6Q==",
      "engines": {
        "node": ">=6"
      }
    }
  },
  "dependencies": {
    "@jscad/amf-deserializer": {
      "version": "0.0.4",
      "resolved": "https://registry.npmjs.org/@jscad/amf-deserializer/-/amf-deserializer-0.0.4.tgz",
      "integrity": "sha1-BB3uKQrNpBEPs7m/hxoepUIDTCs=",
      "requires": {
        "sax": "^1.2.1"
      }
    },
    "@jscad/amf-serializer": {
      "version": "0.0.5",
      "resolved": "https://registry.npmjs.org/@jscad/amf-serializer/-/amf-serializer-0.0.5.tgz",
      "integrity": "sha1-3A+Hx7LG15/F9rZnfwxoag0/Bg4=",
      "requires": {
        "@jscad/io-utils": "^0.1.2",
        "sax": "^1.2.1",
        "xmldom": "^0.1.27"
      }
    },
    "@jscad/csg": {
      "version": "0.3.6",
      "resolved": "https://registry.npmjs.org/@jscad/csg/-/csg-0.3.6.tgz",
      "integrity": "sha512-GoUXhTwO0L+Cxba8VfFFLGm+ECd0xZKoIAPpeUYsDiCVsIZ6XK+3GLgBgn5waeumQNh+H6WsHjMMRKXBrDBreA=="
    },
    "@jscad/dxf-serializer": {
      "version": "0.0.4",
      "resolved": "https://registry.npmjs.org/@jscad/dxf-serializer/-/dxf-serializer-0.0.4.tgz",
      "integrity": "sha1-P7O3a2HmqYfiUIJ8SWNPAHNvasg="
    },
    "@jscad/gcode-deserializer": {
      "version": "0.0.4",
      "resolved": "https://registry.npmjs.org/@jscad/gcode-deserializer/-/gcode-deserializer-0.0.4.tgz",
      "integrity": "sha1-pdk+zvhGvzCllvUCHXs26mKhOic="
    },
    "@jscad/io": {
      "version": "0.3.7",
      "resolved": "https://registry.npmjs.org/@jscad/io/-/io-0.3.7.tgz",
      "integrity": "sha1-CNWCv/0juTdopkvYo3Qv3De86u4=",
      "requires": {
        "@jscad/amf-deserializer": "^0.0.4",
        "@jscad/amf-serializer": "^0.0.5",
        "@jscad/dxf-serializer": "^0.0.4",
        "@jscad/gcode-deserializer": "^0.0.4",
        "@jscad/io-utils": "^0.1.2",
        "@jscad/json-deserializer": "^0.0.4",
        "@jscad/json-serializer": "^0.0.5",
        "@jscad/obj-deserializer": "^0.0.4",
        "@jscad/stl-deserializer": "^0.1.2",
        "@jscad/stl-serializer": "^0.0.6",
        "@jscad/svg-deserializer": "^0.2.3",
        "@jscad/svg-serializer": "^0.0.4",
        "@jscad/x3d-serializer": "^0.0.6"
      }
    },
    "@jscad/io-utils": {
      "version": "0.1.3",
      "resolved": "https://registry.npmjs.org/@jscad/io-utils/-/io-utils-0.1.3.tgz",
      "integrity": "sha512-aCVUZovewI4njtEJ1fvjhasqd8EHIzQaPb88MtFWf/ff1NdGOu/vRH3yGG8vu0NZektGEDCKp028g2nTBL7aFg=="
    },
    "@jscad/json-deserializer": {
      "version": "0.0.4",
      "resolved": "https://registry.npmjs.org/@jscad/json-deserializer/-/json-deserializer-0.0.4.tgz",
      "integrity": "sha1-ffpQCUUoh5LgTlcaDCTxXFXuurA=",
      "requires": {
        "@jscad/csg": "0.3.6"
      }
    },
    "@jscad/json-serializer": {
      "version": "0.0.5",
      "resolved": "https://registry.npmjs.org/@jscad/json-serializer/-/json-serializer-0.0.5.tgz",
      "integrity": "sha1-DEAQz7ZyntspQnJycvlB0TAZR7g=",
      "requires": {
        "@jscad/csg": "0.3.6",
        "@jscad/io-utils": "^0.1.2"
      }
    },
    "@jscad/obj-deserializer": {
      "version": "0.0.4",
      "resolved": "https://registry.npmjs.org/@jscad/obj-deserializer/-/obj-deserializer-0.0.4.tgz",
      "integrity": "sha1-3LPPXMRyeKfPejW3azLq0NBE38M="
    },
    "@jscad/openjscad": {
      "version": "1.6.1",
      "resolved": "https://registry.npmjs.org/@jscad/openjscad/-/openjscad-1.6.1.tgz",
      "integrity": "sha512-D8W/ErfXhERXXbx9jGD75IupYEw85XyEF2lgrpekJaqKzETJRYAiQeggPEYk1U4zd8i6swoCNTkqgGI3NYdnQg==",
      "requires": {
        "@jscad/csg": "0.3.6",
        "@jscad/io": "0.3.7",
        "@jscad/openscad-openjscad-translator": "0.0.10",
        "@jscad/scad-api": "^0.5.1",
        "astring": "^1.0.2",
        "brace": "0.10.0",
        "esprima": "^3.1.3",
        "estraverse": "^4.2.0",
        "most-gestures": "^0.3.0",
        "webworkify": "^1.4.0"
      }
    },
    "@jscad/openscad-openjscad-translator": {
      "version": "0.0.10",
      "resolved": "https://registry.npmjs.org/@jscad/openscad-openjscad-translator/-/openscad-openjscad-translator-0.0.10.tgz",
      "integrity": "sha1-b1o9wlL9ILr1I6sRwfwqPdqlfns=",
      "requires": {
        "lodash": "^4.17.4",
        "sylvester": "github:kaosat-dev/node-sylvester"
      }
    },
    "@jscad/scad-api": {
      "version": "0.5.1",
      "resolved": "https://registry.npmjs.org/@jscad/scad-api/-/scad-api-0.5.1.tgz",
      "integrity": "sha512-1BlfqcAf0xIicbaKU1bCOxHh0+aHJ7fBRY6r+7/e+0uMrfoqHoULGqkAZCwnftt0cPj5uAP8JSlyOinHKaFIJw==",
      "requires": {
        "@jscad/csg": "0.3.7"
      },
      "dependencies": {
        "@jscad/csg": {
          "version": "0.3.7",
          "resolved": "https://registry.npmjs.org/@jscad/csg/-/csg-0.3.7.tgz",
          "integrity": "sha512-CuqKgXEZDH1FzbwQTdMWQ0FiEGi+LrP32tP6nW6rdWEEBjL6w19F3OrShD7SP8mK9IcqiuhgN9JcbWaiBswWlQ=="
        }
      }
    },
    "@jscad/stl-deserializer": {
      "version": "0.1.2",
      "resolved": "https://registry.npmjs.org/@jscad/stl-deserializer/-/stl-deserializer-0.1.2.tgz",
      "integrity": "sha1-P05QMMjBgf6Xwniz5pdOojemM4M=",
      "requires": {
        "@jscad/csg": "0.3.6",
        "@jscad/io-utils": "^0.1.2"
      }
    },
    "@jscad/stl-serializer": {
      "version": "0.0.6",
      "resolved": "https://registry.npmjs.org/@jscad/stl-serializer/-/stl-serializer-0.0.6.tgz",
      "integrity": "sha1-OIDuOw2YzeYhpVg92GDcN6kAZtQ=",
      "requires": {
        "@jscad/io-utils": "^0.1.2"
      }
    },
    "@jscad/svg-deserializer": {
      "version": "0.2.3",
      "resolved": "https://registry.npmjs.org/@jscad/svg-deserializer/-/svg-deserializer-0.2.3.tgz",
      "integrity": "sha1-HbFVKSax7J7yXLjYE0ryZfYOTSI=",
      "requires": {
        "@jscad/csg": "0.3.6",
        "sax": "1.2.4"
      }
    },
    "@jscad/svg-serializer": {
      "version": "0.0.4",
      "resolved": "https://registry.npmjs.org/@jscad/svg-serializer/-/svg-serializer-0.0.4.tgz",
      "integrity": "sha1-uqYjfTPtbg96AS8rtgYTopXiUdE=",
      "requires": {
        "@jscad/csg": "0.3.6"
      }
    },
    "@jscad/x3d-serializer": {
      "version": "0.0.6",
      "resolved": "https://registry.npmjs.org/@jscad/x3d-serializer/-/x3d-serializer-0.0.6.tgz",
      "integrity": "sha1-pBl1qeN0B2E2JkjklutkKTuD99c=",
      "requires": {
        "@jscad/io-utils": "^0.1.2",
        "xmldom": "^0.1.27"
      }
    },
    "@most/multicast": {
      "version": "1.3.0",
      "resolved": "https://registry.npmjs.org/@most/multicast/-/multicast-1.3.0.tgz",
      "integrity": "sha512-DWH8AShgp5bXn+auGzf5tzPxvpmEvQJd0CNsApOci1LDF4eAEcnw4HQOr2Jaa+L92NbDYFKBSXxll+i7r1ikvw==",
      "requires": {
        "@most/prelude": "^1.4.0"
      }
    },
    "@most/prelude": {
      "version": "1.8.0",
      "resolved": "https://registry.npmjs.org/@most/prelude/-/prelude-1.8.0.tgz",
      "integrity": "sha512-t1CcURpZzfmBA6fEWwqmCqeNzWAj1w2WqEmCk/2yXMe/p8Ut000wFmVKMy8A1Rl9VVxZEZ5nBHd/pU0dR4bv/w=="
    },
    "@types/node": {
      "version": "14.14.6",
      "resolved": "https://registry.npmjs.org/@types/node/-/node-14.14.6.tgz",
      "integrity": "sha512-6QlRuqsQ/Ox/aJEQWBEJG7A9+u7oSYl3mem/K8IzxXG/kAGbV1YPD9Bg9Zw3vyxC/YP+zONKwy8hGkSt1jxFMw==",
      "dev": true
    },
    "@types/openjscad": {
      "version": "0.0.31",
      "resolved": "https://registry.npmjs.org/@types/openjscad/-/openjscad-0.0.31.tgz",
      "integrity": "sha512-1zlJTAeAgDzEzLqmtfaG3RP+DyORMAzNw9CR+AQiRGNYf66J3ZQ6F1wtRiiuKvJ7afNY09BYPCH1c6dv2V4Trw==",
      "dev": true,
      "requires": {
        "three": "*"
      }
    },
    "@types/three": {
      "version": "0.103.2",
      "resolved": "https://registry.npmjs.org/@types/three/-/three-0.103.2.tgz",
      "integrity": "sha512-zhtf0Qs5wLJpIn1+VWCpzSgpKayj/GSWZ6woiuz09FW59KEDeLpnBkYz6lbblVpRmGdlnG8nd0unaASshOvcXw==",
      "requires": {
        "three": "*"
      }
    },
    "arg": {
      "version": "4.1.3",
      "resolved": "https://registry.npmjs.org/arg/-/arg-4.1.3.tgz",
      "integrity": "sha512-58S9QDqG0Xx27YwPSt9fJxivjYl432YCwfDMfZ+71RAqUrZef7LrKQZ3LHLOwCS4FLNBplP533Zx895SeOCHvA=="
    },
    "astring": {
      "version": "1.4.3",
      "resolved": "https://registry.npmjs.org/astring/-/astring-1.4.3.tgz",
      "integrity": "sha512-yJlJU/bmN820vL+cbWShu2YQU87dBP5V7BH2N4wODapRv27A2dZtUD0LgjP9lZENvPe9XRoSyWx+pZR6qKqNBw=="
    },
    "brace": {
      "version": "0.10.0",
      "resolved": "https://registry.npmjs.org/brace/-/brace-0.10.0.tgz",
      "integrity": "sha1-7e9OubCSi6HuX3F//BV3SabdXXY=",
      "requires": {
        "w3c-blob": "0.0.1"
      }
    },
    "buffer-from": {
      "version": "1.1.1",
      "resolved": "https://registry.npmjs.org/buffer-from/-/buffer-from-1.1.1.tgz",
      "integrity": "sha512-MQcXEUbCKtEo7bhqEs6560Hyd4XaovZlO/k9V3hjVUF/zwW7KBVdSK4gIt/bzwS9MbR5qob+F5jusZsb0YQK2A=="
    },
    "define-properties": {
      "version": "1.1.3",
      "resolved": "https://registry.npmjs.org/define-properties/-/define-properties-1.1.3.tgz",
      "integrity": "sha512-3MqfYKj2lLzdMSf8ZIZE/V+Zuy+BgD6f164e8K2w7dgnpKArBDerGYpM46IYYcjnkdPNMjPk9A6VFB8+3SKlXQ==",
      "requires": {
        "object-keys": "^1.0.12"
      }
    },
    "diff": {
      "version": "4.0.2",
      "resolved": "https://registry.npmjs.org/diff/-/diff-4.0.2.tgz",
      "integrity": "sha512-58lmxKSA4BNyLz+HHMUzlOEpg09FV+ev6ZMe3vJihgdxzgcwZ8VoEEPmALCZG9LmqfVoNMMKpttIYTVG6uDY7A=="
    },
    "esprima": {
      "version": "3.1.3",
      "resolved": "https://registry.npmjs.org/esprima/-/esprima-3.1.3.tgz",
      "integrity": "sha1-/cpRzuYTOJXjyI1TXOSdv/YqRjM="
    },
    "estraverse": {
      "version": "4.3.0",
      "resolved": "https://registry.npmjs.org/estraverse/-/estraverse-4.3.0.tgz",
      "integrity": "sha512-39nnKffWz8xN1BU/2c79n9nB9HDzo0niYUqx6xyqUnyoAnQyyWpOTdZEeiCch8BBu515t4wp9ZmgVfVhn9EBpw=="
    },
    "globalthis": {
      "version": "1.0.1",
      "resolved": "https://registry.npmjs.org/globalthis/-/globalthis-1.0.1.tgz",
      "integrity": "sha512-mJPRTc/P39NH/iNG4mXa9aIhNymaQikTrnspeCa2ZuJ+mH2QN/rXwtX3XwKrHqWgUQFbNZKtHM105aHzJalElw==",
      "requires": {
        "define-properties": "^1.1.3"
      }
    },
    "lodash": {
      "version": "4.17.20",
      "resolved": "https://registry.npmjs.org/lodash/-/lodash-4.17.20.tgz",
      "integrity": "sha512-PlhdFcillOINfeV7Ni6oF1TAEayyZBoZ8bcshTHqOYJYlrqzRK5hagpagky5o4HfCzzd1TRkXPMFq6cKk9rGmA=="
    },
    "make-error": {
      "version": "1.3.6",
      "resolved": "https://registry.npmjs.org/make-error/-/make-error-1.3.6.tgz",
      "integrity": "sha512-s8UhlNe7vPKomQhC1qFelMokr/Sc3AgNbso3n74mVPA5LTZwkB9NlXf4XPamLxJE8h0gh73rM94xvwRT2CVInw=="
    },
    "most": {
      "version": "1.9.0",
      "resolved": "https://registry.npmjs.org/most/-/most-1.9.0.tgz",
      "integrity": "sha512-M7yHMcMGaclzEL6eg8Yh8PlAsaWfL/oSThF4+ZuWKM5CKXcbzmLh+qESwgZFzMKHJ+iVJwb28yFvDEOobI653w==",
      "requires": {
        "@most/multicast": "^1.2.5",
        "@most/prelude": "^1.4.0",
        "globalthis": "^1.0.1",
        "symbol-observable": "^2.0.3"
      }
    },
    "most-gestures": {
      "version": "0.3.0",
      "resolved": "https://registry.npmjs.org/most-gestures/-/most-gestures-0.3.0.tgz",
      "integrity": "sha1-Y07mZK2vU9dA0BSKa0tNF0QDpHg=",
      "requires": {
        "most": "^1.7.2"
      }
    },
    "object-keys": {
      "version": "1.1.1",
      "resolved": "https://registry.npmjs.org/object-keys/-/object-keys-1.1.1.tgz",
      "integrity": "sha512-NuAESUOUMrlIXOfHKzD6bpPu3tYt3xvjNdRIQ+FeT0lNb4K8WR70CaDxhuNguS2XG+GjkyMwOzsN5ZktImfhLA=="
    },
    "sax": {
      "version": "1.2.4",
      "resolved": "https://registry.npmjs.org/sax/-/sax-1.2.4.tgz",
      "integrity": "sha512-NqVDv9TpANUjFm0N8uM5GxL36UgKi9/atZw+x7YFnQ8ckwFGKrl4xX4yWtrey3UJm5nP1kUbnYgLopqWNSRhWw=="
    },
    "source-map": {
      "version": "0.6.1",
      "resolved": "https://registry.npmjs.org/source-map/-/source-map-0.6.1.tgz",
      "integrity": "sha512-UjgapumWlbMhkBgzT7Ykc5YXUT46F0iKu8SGXq0bcwP5dz/h0Plj6enJqjz1Zbq2l5WaqYnrVbwWOWMyF3F47g=="
    },
    "source-map-support": {
      "version": "0.5.19",
      "resolved": "https://registry.npmjs.org/source-map-support/-/source-map-support-0.5.19.tgz",
      "integrity": "sha512-Wonm7zOCIJzBGQdB+thsPar0kYuCIzYvxZwlBa87yi/Mdjv7Tip2cyVbLj5o0cFPN4EVkuTwb3GDDyUx2DGnGw==",
      "requires": {
        "buffer-from": "^1.0.0",
        "source-map": "^0.6.0"
      }
    },
    "sylvester": {
      "version": "git+ssh://git@github.com/kaosat-dev/node-sylvester.git#ce74d23a2092ae02a56b840ef70f5d61c54df409",
      "from": "sylvester@github:kaosat-dev/node-sylvester"
    },
    "symbol-observable": {
      "version": "2.0.3",
      "resolved": "https://registry.npmjs.org/symbol-observable/-/symbol-observable-2.0.3.tgz",
      "integrity": "sha512-sQV7phh2WCYAn81oAkakC5qjq2Ml0g8ozqz03wOGnx9dDlG1de6yrF+0RAzSJD8fPUow3PTSMf2SAbOGxb93BA=="
    },
    "three": {
      "version": "0.122.0",
      "resolved": "https://registry.npmjs.org/three/-/three-0.122.0.tgz",
      "integrity": "sha512-bgYMo0WdaQhf7DhLE8OSNN/rVFO5J4K1A2VeeKqoV4MjjuHjfCP6xLpg8Xedhns7NlEnN3sZ6VJROq19Qyl6Sg=="
    },
    "ts-node": {
      "version": "9.0.0",
      "resolved": "https://registry.npmjs.org/ts-node/-/ts-node-9.0.0.tgz",
      "integrity": "sha512-/TqB4SnererCDR/vb4S/QvSZvzQMJN8daAslg7MeaiHvD8rDZsSfXmNeNumyZZzMned72Xoq/isQljYSt8Ynfg==",
      "requires": {
        "arg": "^4.1.0",
        "diff": "^4.0.1",
        "make-error": "^1.1.1",
        "source-map-support": "^0.5.17",
        "yn": "3.1.1"
      }
    },
    "typescript": {
      "version": "4.0.5",
      "resolved": "https://registry.npmjs.org/typescript/-/typescript-4.0.5.tgz",
      "integrity": "sha512-ywmr/VrTVCmNTJ6iV2LwIrfG1P+lv6luD8sUJs+2eI9NLGigaN+nUQc13iHqisq7bra9lnmUSYqbJvegraBOPQ=="
    },
    "w3c-blob": {
      "version": "0.0.1",
      "resolved": "https://registry.npmjs.org/w3c-blob/-/w3c-blob-0.0.1.tgz",
      "integrity": "sha1-sM01KhpQ9RVWNCD/1YYflQ8dhbg="
    },
    "webworkify": {
      "version": "1.5.0",
      "resolved": "https://registry.npmjs.org/webworkify/-/webworkify-1.5.0.tgz",
      "integrity": "sha512-AMcUeyXAhbACL8S2hqqdqOLqvJ8ylmIbNwUIqQujRSouf4+eUFaXbG6F1Rbu+srlJMmxQWsiU7mOJi0nMBfM1g=="
    },
    "xmldom": {
      "version": "0.1.31",
      "resolved": "https://registry.npmjs.org/xmldom/-/xmldom-0.1.31.tgz",
      "integrity": "sha512-yS2uJflVQs6n+CyjHoaBmVSqIDevTAWrzMmjG1Gc7h1qQ7uVozNhEPJAwZXWyGQ/Gafo3fCwrcaokezLPupVyQ=="
    },
    "yn": {
      "version": "3.1.1",
      "resolved": "https://registry.npmjs.org/yn/-/yn-3.1.1.tgz",
      "integrity": "sha512-Ux4ygGWsu2c7isFWe8Yu1YluJmqVhxqK2cLXNQA5AcC3QfbGNpM7fu0Y8b/z16pXLnFxZYvWhd3fhBY9DLmC6Q=="
    }
  }
}
